
Microsoft Visual Studio Solution File, Format Version 12.00
# Visual Studio Version 17
VisualStudioVersion = 17.0.31903.59
MinimumVisualStudioVersion = 10.0.40219.1
Project("{FAE04EC0-301F-11D3-BF4B-00C04F79EFBC}") = "bài tập buổi 5", "bài tập buổi 5\bài tập buổi 5.csproj", "{12B42F17-E1F9-448A-9D71-D9797AA5993A}"
EndProject
Project("{FAE04EC0-301F-11D3-BF4B-00C04F79EFBC}") = "bài tập buổi 6", "bài tập buổi 6\bài tập buổi 6.csproj", "{E833C056-3DB3-4B00-A5B6-45A740A265D0}"
EndProject
Project("{FAE04EC0-301F-11D3-BF4B-00C04F79EFBC}") = "bài tập Single Array", "bài tập Single Array\bài tập Single Array.csproj", "{81CD0E10-22D7-4EC0-B95F-7DFC501C247B}"
EndProject
Project("{FAE04EC0-301F-11D3-BF4B-00C04F79EFBC}") = "launch.json", "launch.json\launch.json.csproj", "{9136B17D-61F6-4A0A-8C11-AA5AD2BA17FB}"
EndProject
Project("{FAE04EC0-301F-11D3-BF4B-00C04F79EFBC}") = "bài tập Multidimensional Arrays", "bài tập Multidimensional Arrays\bài tập Multidimensional Arrays.csproj", "{9464FE98-0AD1-429B-92D7-F6D676DD0C15}"
EndProject
Project("{FAE04EC0-301F-11D3-BF4B-00C04F79EFBC}") = "bài tập String 2.0", "bài tập String 2.0\bài tập String 2.0.csproj", "{0679DA03-1E6C-4339-9FED-D14E72C67C92}"
EndProject
Project("{FAE04EC0-301F-11D3-BF4B-00C04F79EFBC}") = "Linear Search", "Linear Search\Linear Search.csproj", "{1090D329-885F-4CB3-BE04-7E1CE77B4663}"
EndProject
Project("{FAE04EC0-301F-11D3-BF4B-00C04F79EFBC}") = "Mock Test", "Mock Test\Mock Test.csproj", "{E23792B8-A486-407D-A65A-E6CC5F8E7E53}"
EndProject
Project("{FAE04EC0-301F-11D3-BF4B-00C04F79EFBC}") = "bài tập quản lý nhân viên", "bài tập quản lý nhân viên\bài tập quản lý nhân viên.csproj", "{B8B12225-2644-47F5-8AFB-AAAF8851A65B}"
EndProject
Global
	GlobalSection(SolutionConfigurationPlatforms) = preSolution
		Debug|Any CPU = Debug|Any CPU
		Release|Any CPU = Release|Any CPU
	EndGlobalSection
	GlobalSection(SolutionProperties) = preSolution
		HideSolutionNode = FALSE
	EndGlobalSection
	GlobalSection(ProjectConfigurationPlatforms) = postSolution
		{12B42F17-E1F9-448A-9D71-D9797AA5993A}.Debug|Any CPU.ActiveCfg = Debug|Any CPU
		{12B42F17-E1F9-448A-9D71-D9797AA5993A}.Debug|Any CPU.Build.0 = Debug|Any CPU
		{12B42F17-E1F9-448A-9D71-D9797AA5993A}.Release|Any CPU.ActiveCfg = Release|Any CPU
		{12B42F17-E1F9-448A-9D71-D9797AA5993A}.Release|Any CPU.Build.0 = Release|Any CPU
		{E833C056-3DB3-4B00-A5B6-45A740A265D0}.Debug|Any CPU.ActiveCfg = Debug|Any CPU
		{E833C056-3DB3-4B00-A5B6-45A740A265D0}.Debug|Any CPU.Build.0 = Debug|Any CPU
		{E833C056-3DB3-4B00-A5B6-45A740A265D0}.Release|Any CPU.ActiveCfg = Release|Any CPU
		{E833C056-3DB3-4B00-A5B6-45A740A265D0}.Release|Any CPU.Build.0 = Release|Any CPU
		{81CD0E10-22D7-4EC0-B95F-7DFC501C247B}.Debug|Any CPU.ActiveCfg = Debug|Any CPU
		{81CD0E10-22D7-4EC0-B95F-7DFC501C247B}.Debug|Any CPU.Build.0 = Debug|Any CPU
		{81CD0E10-22D7-4EC0-B95F-7DFC501C247B}.Release|Any CPU.ActiveCfg = Release|Any CPU
		{81CD0E10-22D7-4EC0-B95F-7DFC501C247B}.Release|Any CPU.Build.0 = Release|Any CPU
		{9136B17D-61F6-4A0A-8C11-AA5AD2BA17FB}.Debug|Any CPU.ActiveCfg = Debug|Any CPU
		{9136B17D-61F6-4A0A-8C11-AA5AD2BA17FB}.Debug|Any CPU.Build.0 = Debug|Any CPU
		{9136B17D-61F6-4A0A-8C11-AA5AD2BA17FB}.Release|Any CPU.ActiveCfg = Release|Any CPU
		{9136B17D-61F6-4A0A-8C11-AA5AD2BA17FB}.Release|Any CPU.Build.0 = Release|Any CPU
		{9464FE98-0AD1-429B-92D7-F6D676DD0C15}.Debug|Any CPU.ActiveCfg = Debug|Any CPU
		{9464FE98-0AD1-429B-92D7-F6D676DD0C15}.Debug|Any CPU.Build.0 = Debug|Any CPU
		{9464FE98-0AD1-429B-92D7-F6D676DD0C15}.Release|Any CPU.ActiveCfg = Release|Any CPU
		{9464FE98-0AD1-429B-92D7-F6D676DD0C15}.Release|Any CPU.Build.0 = Release|Any CPU
		{0679DA03-1E6C-4339-9FED-D14E72C67C92}.Debug|Any CPU.ActiveCfg = Debug|Any CPU
		{0679DA03-1E6C-4339-9FED-D14E72C67C92}.Debug|Any CPU.Build.0 = Debug|Any CPU
		{0679DA03-1E6C-4339-9FED-D14E72C67C92}.Release|Any CPU.ActiveCfg = Release|Any CPU
		{0679DA03-1E6C-4339-9FED-D14E72C67C92}.Release|Any CPU.Build.0 = Release|Any CPU
		{1090D329-885F-4CB3-BE04-7E1CE77B4663}.Debug|Any CPU.ActiveCfg = Debug|Any CPU
		{1090D329-885F-4CB3-BE04-7E1CE77B4663}.Debug|Any CPU.Build.0 = Debug|Any CPU
		{1090D329-885F-4CB3-BE04-7E1CE77B4663}.Release|Any CPU.ActiveCfg = Release|Any CPU
		{1090D329-885F-4CB3-BE04-7E1CE77B4663}.Release|Any CPU.Build.0 = Release|Any CPU
		{E23792B8-A486-407D-A65A-E6CC5F8E7E53}.Debug|Any CPU.ActiveCfg = Debug|Any CPU
		{E23792B8-A486-407D-A65A-E6CC5F8E7E53}.Debug|Any CPU.Build.0 = Debug|Any CPU
		{E23792B8-A486-407D-A65A-E6CC5F8E7E53}.Release|Any CPU.ActiveCfg = Release|Any CPU
		{E23792B8-A486-407D-A65A-E6CC5F8E7E53}.Release|Any CPU.Build.0 = Release|Any CPU
		{B8B12225-2644-47F5-8AFB-AAAF8851A65B}.Debug|Any CPU.ActiveCfg = Debug|Any CPU
		{B8B12225-2644-47F5-8AFB-AAAF8851A65B}.Debug|Any CPU.Build.0 = Debug|Any CPU
		{B8B12225-2644-47F5-8AFB-AAAF8851A65B}.Release|Any CPU.ActiveCfg = Release|Any CPU
		{B8B12225-2644-47F5-8AFB-AAAF8851A65B}.Release|Any CPU.Build.0 = Release|Any CPU
	EndGlobalSection
EndGlobal
